PODS:
  - Alamofire (5.0.0-beta.6)
  - Flutter (1.0.0)
  - flutter_paldesk (0.0.1):
    - Flutter
    - Paldesk (= 0.0.1)
  - Kingfisher (5.5.0)
  - Paldesk (0.0.1):
    - Alamofire (= 5.0.0-beta.6)
    - Kingfisher (= 5.5.0)
    - ReSwift (= 4.1.1)
    - Socket.IO-Client-Swift (= 15.0.0)
  - ReSwift (4.1.1)
  - Socket.IO-Client-Swift (15.0.0):
    - Starscream (~> 3.1)
  - Starscream (3.1.1)

DEPENDENCIES:
  - Flutter (from `.symlinks/flutter/ios`)
  - flutter_paldesk (from `.symlinks/plugins/flutter_paldesk/ios`)

SPEC REPOS:
  trunk:
    - Alamofire
    - Kingfisher
    - Paldesk
    - ReSwift
    - Socket.IO-Client-Swift
    - Starscream

EXTERNAL SOURCES:
  Flutter:
    :path: ".symlinks/flutter/ios"
  flutter_paldesk:
    :path: ".symlinks/plugins/flutter_paldesk/ios"

SPEC CHECKSUMS:
  Alamofire: cd08a4402bd12cacd0c66f23fb12fec8d6b965e4
  Flutter: 0e3d915762c693b495b44d77113d4970485de6ec
  flutter_paldesk: b3b4efd14d7446008e54668b634d782bcbf75833
  Kingfisher: 6fe5e67a90fd335e49b0f5c075ff55ac5ebedd94
  Paldesk: 515b35a21b22fd892ee2fe236c1082e91a2fe940
  ReSwift: d925be0033558f55bd73d92869961230dfe19d52
  Socket.IO-Client-Swift: c039a808195d22a7192962841b8c035cb61ea49e
  Starscream: 4bb2f9942274833f7b4d296a55504dcfc7edb7b0

PODFILE CHECKSUM: 097b64e1c00903a097fa4231dd174c10dfb3b629

COCOAPODS: 1.8.4
